
Microsoft Visual Studio Solution File, Format Version 12.00
# Visual Studio Version 16
VisualStudioVersion = 16.0.29709.97
MinimumVisualStudioVersion = 10.0.40219.1
Project("{FAE04EC0-301F-11D3-BF4B-00C04F79EFBC}") = "ToDoWpf", "ToDoWpf.csproj", "{6EBAF0DB-EE46-48EC-8B3D-2FEF6C642756}"
EndProject
Global
	GlobalSection(SolutionConfigurationPlatforms) = preSolution
		Debug|Any CPU = Debug|Any CPU
		Release|Any CPU = Release|Any CPU
	EndGlobalSection
	GlobalSection(ProjectConfigurationPlatforms) = postSolution
		{6EBAF0DB-EE46-48EC-8B3D-2FEF6C642756}.Debug|Any CPU.ActiveCfg = Debug|Any CPU
		{6EBAF0DB-EE46-48EC-8B3D-2FEF6C642756}.Debug|Any CPU.Build.0 = Debug|Any CPU
		{6EBAF0DB-EE46-48EC-8B3D-2FEF6C642756}.Release|Any CPU.ActiveCfg = Release|Any CPU
		{6EBAF0DB-EE46-48EC-8B3D-2FEF6C642756}.Release|Any CPU.Build.0 = Release|Any CPU
	EndGlobalSection
	GlobalSection(SolutionProperties) = preSolution
		HideSolutionNode = FALSE
	EndGlobalSection
	GlobalSection(ExtensibilityGlobals) = postSolution
		SolutionGuid = {D35D1417-2CFA-4571-8B24-B4036B8FB7D1}
	EndGlobalSection
EndGlobal
